// !$*UTF8*$!
{
	archiveVersion = 1;
	classes = {
	};
	objectVersion = 46;
	objects = {

/* Begin PBXBuildFile section */
		3EB1FCAA1E06169E00B70210 /* AppDelegate.swift in Sources */ = {isa = PBXBuildFile; fileRef = 3EB1FCA91E06169E00B70210 /* AppDelegate.swift */; };
		3EB1FCAC1E06169E00B70210 /* ViewController.swift in Sources */ = {isa = PBXBuildFile; fileRef = 3EB1FCAB1E06169E00B70210 /* ViewController.swift */; };
		3EB1FCAF1E06169E00B70210 /* Main.storyboard in Resources */ = {isa = PBXBuildFile; fileRef = 3EB1FCAD1E06169E00B70210 /* Main.storyboard */; };
		3EB1FCB11E06169E00B70210 /* Assets.xcassets in Resources */ = {isa = PBXBuildFile; fileRef = 3EB1FCB01E06169E00B70210 /* Assets.xcassets */; };
		3EB1FCB41E06169E00B70210 /* LaunchScreen.storyboard in Resources */ = {isa = PBXBuildFile; fileRef = 3EB1FCB21E06169E00B70210 /* LaunchScreen.storyboard */; };
		3EB1FCBC1E06173B00B70210 /* CardView.swift in Sources */ = {isa = PBXBuildFile; fileRef = 3EB1FCBB1E06173B00B70210 /* CardView.swift */; };
		3EB1FCC01E06325800B70210 /* CardView.xib in Resources */ = {isa = PBXBuildFile; fileRef = 3EB1FCBF1E06325800B70210 /* CardView.xib */; };
/* End PBXBuildFile section */

/* Begin PBXFileReference section */
		3EB1FCA61E06169E00B70210 /* SimpleCardViews.app */ = {isa = PBXFileReference; explicitFileType = wrapper.application; includeInIndex = 0; path = SimpleCardViews.app; sourceTree = BUILT_PRODUCTS_DIR; };
		3EB1FCA91E06169E00B70210 /* AppDelegate.swift */ = {isa = PBXFileReference; lastKnownFileType = sourcecode.swift; path = AppDelegate.swift; sourceTree = "<group>"; };
		3EB1FCAB1E06169E00B70210 /* ViewController.swift */ = {isa = PBXFileReference; lastKnownFileType = sourcecode.swift; path = ViewController.swift; sourceTree = "<group>"; };
		3EB1FCAE1E06169E00B70210 /* Base */ = {isa = PBXFileReference; lastKnownFileType = file.storyboard; name = Base; path = Base.lproj/Main.storyboard; sourceTree = "<group>"; };
		3EB1FCB01E06169E00B70210 /* Assets.xcassets */ = {isa = PBXFileReference; lastKnownFileType = folder.assetcatalog; path = Assets.xcassets; sourceTree = "<group>"; };
		3EB1FCB31E06169E00B70210 /* Base */ = {isa = PBXFileReference; lastKnownFileType = file.storyboard; name = Base; path = Base.lproj/LaunchScreen.storyboard; sourceTree = "<group>"; };
		3EB1FCB51E06169E00B70210 /* Info.plist */ = {isa = PBXFileReference; lastKnownFileType = text.plist.xml; path = Info.plist; sourceTree = "<group>"; };
		3EB1FCBB1E06173B00B70210 /* CardView.swift */ = {isa = PBXFileReference; fileEncoding = 4; lastKnownFileType = sourcecode.swift; path = CardView.swift; sourceTree = "<group>"; };
		3EB1FCBF1E06325800B70210 /* CardView.xib */ = {isa = PBXFileReference; fileEncoding = 4; lastKnownFileType = file.xib; path = CardView.xib; sourceTree = "<group>"; };
/* End PBXFileReference section */

/* Begin PBXFrameworksBuildPhase section */
		3EB1FCA31E06169E00B70210 /* Frameworks */ = {
			isa = PBXFrameworksBuildPhase;
			buildActionMask = 2147483647;
			files = (
			);
			runOnlyForDeploymentPostprocessing = 0;
		};
/* End PBXFrameworksBuildPhase section */

/* Begin PBXGroup section */
		3EB1FC9D1E06169E00B70210 = {
			isa = PBXGroup;
			children = (
				3EB1FCA81E06169E00B70210 /* SimpleCardViews */,
				3EB1FCA71E06169E00B70210 /* Products */,
			);
			sourceTree = "<group>";
		};
		3EB1FCA71E06169E00B70210 /* Products */ = {
			isa = PBXGroup;
			children = (
				3EB1FCA61E06169E00B70210 /* SimpleCardViews.app */,
			);
			name = Products;
			sourceTree = "<group>";
		};
		3EB1FCA81E06169E00B70210 /* SimpleCardViews */ = {
			isa = PBXGroup;
			children = (
				3EB1FCA91E06169E00B70210 /* AppDelegate.swift */,
				3EB1FCAB1E06169E00B70210 /* ViewController.swift */,
				3EB1FCBB1E06173B00B70210 /* CardView.swift */,
				3EB1FCBF1E06325800B70210 /* CardView.xib */,
				3EB1FCAD1E06169E00B70210 /* Main.storyboard */,
				3EB1FCB01E06169E00B70210 /* Assets.xcassets */,
				3EB1FCB21E06169E00B70210 /* LaunchScreen.storyboard */,
				3EB1FCB51E06169E00B70210 /* Info.plist */,
			);
			path = SimpleCardViews;
			sourceTree = "<group>";
		};
/* End PBXGroup section */

/* Begin PBXNativeTarget section */
		3EB1FCA51E06169E00B70210 /* SimpleCardViews */ = {
			isa = PBXNativeTarget;
			buildConfigurationList = 3EB1FCB81E06169E00B70210 /* Build configuration list for PBXNativeTarget "SimpleCardViews" */;
			buildPhases = (
				3EB1FCA21E06169E00B70210 /* Sources */,
				3EB1FCA31E06169E00B70210 /* Frameworks */,
				3EB1FCA41E06169E00B70210 /* Resources */,
			);
			buildRules = (
			);
			dependencies = (
			);
			name = SimpleCardViews;
			productName = SimpleCardViews;
			productReference = 3EB1FCA61E06169E00B70210 /* SimpleCardViews.app */;
			productType = "com.apple.product-type.application";
		};
/* End PBXNativeTarget section */

/* Begin PBXProject section */
		3EB1FC9E1E06169E00B70210 /* Project object */ = {
			isa = PBXProject;
			attributes = {
				LastSwiftUpdateCheck = 0800;
				LastUpgradeCheck = 0800;
				ORGANIZATIONNAME = "Marcel Chaucer";
				TargetAttributes = {
					3EB1FCA51E06169E00B70210 = {
						CreatedOnToolsVersion = 8.0;
						ProvisioningStyle = Automatic;
					};
				};
			};
			buildConfigurationList = 3EB1FCA11E06169E00B70210 /* Build configuration list for PBXProject "SimpleCardViews" */;
			compatibilityVersion = "Xcode 3.2";
			developmentRegion = English;
			hasScannedForEncodings = 0;
			knownRegions = (
				en,
				Base,
			);
			mainGroup = 3EB1FC9D1E06169E00B70210;
			productRefGroup = 3EB1FCA71E06169E00B70210 /* Products */;
			projectDirPath = "";
			projectRoot = "";
			targets = (
				3EB1FCA51E06169E00B70210 /* SimpleCardViews */,
			);
		};
/* End PBXProject section */

/* Begin PBXResourcesBuildPhase section */
		3EB1FCA41E06169E00B70210 /* Resources */ = {
			isa = PBXResourcesBuildPhase;
			buildActionMask = 2147483647;
			files = (
				3EB1FCB41E06169E00B70210 /* LaunchScreen.storyboard in Resources */,
				3EB1FCB11E06169E00B70210 /* Assets.xcassets in Resources */,
				3EB1FCC01E06325800B70210 /* CardView.xib in Resources */,
				3EB1FCAF1E06169E00B70210 /* Main.storyboard in Resources */,
			);
			runOnlyForDeploymentPostprocessing = 0;
		};
/* End PBXResourcesBuildPhase section */

/* Begin PBXSourcesBuildPhase section */
		3EB1FCA21E06169E00B70210 /* Sources */ = {
			isa = PBXSourcesBuildPhase;
			buildActionMask = 2147483647;
			files = (
				3EB1FCAC1E06169E00B70210 /* ViewController.swift in Sources */,
				3EB1FCBC1E06173B00B70210 /* CardView.swift in Sources */,
				3EB1FCAA1E06169E00B70210 /* AppDelegate.swift in Sources */,
			);
			runOnlyForDeploymentPostprocessing = 0;
		};
/* End PBXSourcesBuildPhase section */

/* Begin PBXVariantGroup section */
		3EB1FCAD1E06169E00B70210 /* Main.storyboard */ = {
			isa = PBXVariantGroup;
			children = (
				3EB1FCAE1E06169E00B70210 /* Base */,
			);
			name = Main.storyboard;
			sourceTree = "<group>";
		};
		3EB1FCB21E06169E00B70210 /* LaunchScreen.storyboard */ = {
			isa = PBXVariantGroup;
			children = (
				3EB1FCB31E06169E00B70210 /* Base */,
			);
			name = LaunchScreen.storyboard;
			sourceTree = "<group>";
		};
/* End PBXVariantGroup section */

/* Begin XCBuildConfiguration section */
		3EB1FCB61E06169E00B70210 /* Debug */ = {
			isa = XCBuildConfiguration;
			buildSettings = {
				ALWAYS_SEARCH_USER_PATHS = NO;
				CLANG_ANALYZER_NONNULL = YES;
				CLANG_CXX_LANGUAGE_STANDARD = "gnu++0x";
				CLANG_CXX_LIBRARY = "libc++";
				CLANG_ENABLE_MODULES = YES;
				CLANG_ENABLE_OBJC_ARC = YES;
				CLANG_WARN_BOOL_CONVERSION = YES;
				CLANG_WARN_CONSTANT_CONVERSION = YES;
				CLANG_WARN_DIRECT_OBJC_ISA_USAGE = YES_ERROR;
				CLANG_WARN_DOCUMENTATION_COMMENTS = YES;
				CLANG_WARN_EMPTY_BODY = YES;
				CLANG_WARN_ENUM_CONVERSION = YES;
				CLANG_WARN_INFINITE_RECURSION = YES;
				CLANG_WARN_INT_CONVERSION = YES;
				CLANG_WARN_OBJC_ROOT_CLASS = YES_ERROR;
				CLANG_WARN_SUSPICIOUS_MOVES = YES;
				CLANG_WARN_UNREACHABLE_CODE = YES;
				CLANG_WARN__DUPLICATE_METHOD_MATCH = YES;
				"CODE_SIGN_IDENTITY[sdk=iphoneos*]" = "iPhone Developer";
				COPY_PHASE_STRIP = NO;
				DEBUG_INFORMATION_FORMAT = dwarf;
				ENABLE_STRICT_OBJC_MSGSEND = YES;
				ENABLE_TESTABILITY = YES;
				GCC_C_LANGUAGE_STANDARD = gnu99;
				GCC_DYNAMIC_NO_PIC = NO;
				GCC_NO_COMMON_BLOCKS = YES;
				GCC_OPTIMIZATION_LEVEL = 0;
				GCC_PREPROCESSOR_DEFINITIONS = (
					"DEBUG=1",
					"$(inherited)",
				);
				GCC_WARN_64_TO_32_BIT_CONVERSION = YES;
				GCC_WARN_ABOUT_RETURN_TYPE = YES_ERROR;
				GCC_WARN_UNDECLARED_SELECTOR = YES;
				GCC_WARN_UNINITIALIZED_AUTOS = YES_AGGRESSIVE;
				GCC_WARN_UNUSED_FUNCTION = YES;
				GCC_WARN_UNUSED_VARIABLE = YES;
				IPHONEOS_DEPLOYMENT_TARGET = 10.0;
				MTL_ENABLE_DEBUG_INFO = YES;
				ONLY_ACTIVE_ARCH = YES;
				SDKROOT = iphoneos;
				SWIFT_ACTIVE_COMPILATION_CONDITIONS = DEBUG;
				SWIFT_OPTIMIZATION_LEVEL = "-Onone";
				TARGETED_DEVICE_FAMILY = "1,2";
			};
			name = Debug;
		};
		3EB1FCB71E06169E00B70210 /* Release */ = {
			isa = XCBuildConfiguration;
			buildSettings = {
				ALWAYS_SEARCH_USER_PATHS = NO;
				CLANG_ANALYZER_NONNULL = YES;
				CLANG_CXX_LANGUAGE_STANDARD = "gnu++0x";
				CLANG_CXX_LIBRARY = "libc++";
				CLANG_ENABLE_MODULES = YES;
				CLANG_ENABLE_OBJC_ARC = YES;
				CLANG_WARN_BOOL_CONVERSION = YES;
				CLANG_WARN_CONSTANT_CONVERSION = YES;
				CLANG_WARN_DIRECT_OBJC_ISA_USAGE = YES_ERROR;
				CLANG_WARN_DOCUMENTATION_COMMENTS = YES;
				CLANG_WARN_EMPTY_BODY = YES;
				CLANG_WARN_ENUM_CONVERSION = YES;
				CLANG_WARN_INFINITE_RECURSION = YES;
				CLANG_WARN_INT_CONVERSION = YES;
				CLANG_WARN_OBJC_ROOT_CLASS = YES_ERROR;
				CLANG_WARN_SUSPICIOUS_MOVES = YES;
				CLANG_WARN_UNREACHABLE_CODE = YES;
				CLANG_WARN__DUPLICATE_METHOD_MATCH = YES;
				"CODE_SIGN_IDENTITY[sdk=iphoneos*]" = "iPhone Developer";
				COPY_PHASE_STRIP = NO;
				DEBUG_INFORMATION_FORMAT = "dwarf-with-dsym";
				ENABLE_NS_ASSERTIONS = NO;
				ENABLE_STRICT_OBJC_MSGSEND = YES;
				GCC_C_LANGUAGE_STANDARD = gnu99;
				GCC_NO_COMMON_BLOCKS = YES;
				GCC_WARN_64_TO_32_BIT_CONVERSION = YES;
				GCC_WARN_ABOUT_RETURN_TYPE = YES_ERROR;
				GCC_WARN_UNDECLARED_SELECTOR = YES;
				GCC_WARN_UNINITIALIZED_AUTOS = YES_AGGRESSIVE;
				GCC_WARN_UNUSED_FUNCTION = YES;
				GCC_WARN_UNUSED_VARIABLE = YES;
				IPHONEOS_DEPLOYMENT_TARGET = 10.0;
				MTL_ENABLE_DEBUG_INFO = NO;
				SDKROOT = iphoneos;
				SWIFT_OPTIMIZATION_LEVEL = "-Owholemodule";
				TARGETED_DEVICE_FAMILY = "1,2";
				VALIDATE_PRODUCT = YES;
			};
			name = Release;
		};
		3EB1FCB91E06169E00B70210 /* Debug */ = {
			isa = XCBuildConfiguration;
			buildSettings = {
				ASSETCATALOG_COMPILER_APPICON_NAME = AppIcon;
				INFOPLIST_FILE = SimpleCardViews/Info.plist;
				LD_RUNPATH_SEARCH_PATHS = "$(inherited) @executable_path/Frameworks";
				PRODUCT_BUNDLE_IDENTIFIER = nyc.c4q.marcelchaucer.SimpleCardViews;
				PRODUCT_NAME = "$(TARGET_NAME)";
				SWIFT_VERSION = 3.0;
			};
			name = Debug;
		};
		3EB1FCBA1E06169E00B70210 /* Release */ = {
			isa = XCBuildConfiguration;
			buildSettings = {
				ASSETCATALOG_COMPILER_APPICON_NAME = AppIcon;
				INFOPLIST_FILE = SimpleCardViews/Info.plist;
				LD_RUNPATH_SEARCH_PATHS = "$(inherited) @executable_path/Frameworks";
				PRODUCT_BUNDLE_IDENTIFIER = nyc.c4q.marcelchaucer.SimpleCardViews;
				PRODUCT_NAME = "$(TARGET_NAME)";
				SWIFT_VERSION = 3.0;
			};
			name = Release;
		};
/* End XCBuildConfiguration section */

/* Begin XCConfigurationList section */
		3EB1FCA11E06169E00B70210 /* Build configuration list for PBXProject "SimpleCardViews" */ = {
			isa = XCConfigurationList;
			buildConfigurations = (
				3EB1FCB61E06169E00B70210 /* Debug */,
				3EB1FCB71E06169E00B70210 /* Release */,
			);
			defaultConfigurationIsVisible = 0;
			defaultConfigurationName = Release;
		};
		3EB1FCB81E06169E00B70210 /* Build configuration list for PBXNativeTarget "SimpleCardViews" */ = {
			isa = XCConfigurationList;
			buildConfigurations = (
				3EB1FCB91E06169E00B70210 /* Debug */,
				3EB1FCBA1E06169E00B70210 /* Release */,
			);
			defaultConfigurationIsVisible = 0;
		};
/* End XCConfigurationList section */
	};
	rootObject = 3EB1FC9E1E06169E00B70210 /* Project object */;
}
